// !$*UTF8*$!
{
	archiveVersion = 1;
	classes = {
	};
	objectVersion = 77;
	objects = {

/* Begin PBXContainerItemProxy section */
		48B311672E260F6E00100627 /* PBXContainerItemProxy */ = {
			isa = PBXContainerItemProxy;
			containerPortal = 48B311512E260F6B00100627 /* Project object */;
			proxyType = 1;
			remoteGlobalIDString = 48B311582E260F6B00100627;
			remoteInfo = DogBreedFlashCard;
		};
		48B311712E260F6E00100627 /* PBXContainerItemProxy */ = {
			isa = PBXContainerItemProxy;
			containerPortal = 48B311512E260F6B00100627 /* Project object */;
			proxyType = 1;
			remoteGlobalIDString = 48B311582E260F6B00100627;
			remoteInfo = DogBreedFlashCard;
		};
/* End PBXContainerItemProxy section */

/* Begin PBXFileReference section */
		48B311592E260F6B00100627 /* DogBreedFlashCard.app */ = {isa = PBXFileReference; explicitFileType = wrapper.application; includeInIndex = 0; path = DogBreedFlashCard.app; sourceTree = BUILT_PRODUCTS_DIR; };
		48B311662E260F6E00100627 /* DogBreedFlashCardTests.xctest */ = {isa = PBXFileReference; explicitFileType = wrapper.cfbundle; includeInIndex = 0; path = DogBreedFlashCardTests.xctest; sourceTree = BUILT_PRODUCTS_DIR; };
		48B311702E260F6E00100627 /* DogBreedFlashCardUITests.xctest */ = {isa = PBXFileReference; explicitFileType = wrapper.cfbundle; includeInIndex = 0; path = DogBreedFlashCardUITests.xctest; sourceTree = BUILT_PRODUCTS_DIR; };
/* End PBXFileReference section */

/* Begin PBXFileSystemSynchronizedBuildFileExceptionSet section */
		48B681CC2E2696B20089E17C /* Exceptions for "DogBreedFlashCard" folder in "DogBreedFlashCard" target */ = {
			isa = PBXFileSystemSynchronizedBuildFileExceptionSet;
			membershipExceptions = (
				Game/Tests/DogBreedGuesserGameFactoryTests.swift,
				Game/Tests/DogBreedGuesserGameTests.swift,
				Game/Tests/FakeDogAPIService.swift,
				Game/Tests/ProgressTrackerTests.swift,
				Models/Tests/BreedAndBreedGroupTests.swift,
				Services/Tests/DogAPIServiceTests.swift,
			);
			target = 48B311582E260F6B00100627 /* DogBreedFlashCard */;
		};
		48B681CD2E2696B20089E17C /* Exceptions for "DogBreedFlashCard" folder in "DogBreedFlashCardTests" target */ = {
			isa = PBXFileSystemSynchronizedBuildFileExceptionSet;
			membershipExceptions = (
				Game/Tests/DogBreedGuesserGameFactoryTests.swift,
				Game/Tests/DogBreedGuesserGameTests.swift,
				Game/Tests/FakeDogAPIService.swift,
				Game/Tests/ProgressTrackerTests.swift,
				Models/Tests/BreedAndBreedGroupTests.swift,
				Services/Tests/DogAPIServiceTests.swift,
			);
			target = 48B311652E260F6E00100627 /* DogBreedFlashCardTests */;
		};
/* End PBXFileSystemSynchronizedBuildFileExceptionSet section */

/* Begin PBXFileSystemSynchronizedRootGroup section */
		48B3115B2E260F6B00100627 /* DogBreedFlashCard */ = {
			isa = PBXFileSystemSynchronizedRootGroup;
			exceptions = (
				48B681CC2E2696B20089E17C /* Exceptions for "DogBreedFlashCard" folder in "DogBreedFlashCard" target */,
				48B681CD2E2696B20089E17C /* Exceptions for "DogBreedFlashCard" folder in "DogBreedFlashCardTests" target */,
			);
			path = DogBreedFlashCard;
			sourceTree = "<group>";
		};
		48B311732E260F6E00100627 /* DogBreedFlashCardUITests */ = {
			isa = PBXFileSystemSynchronizedRootGroup;
			path = DogBreedFlashCardUITests;
			sourceTree = "<group>";
		};
/* End PBXFileSystemSynchronizedRootGroup section */

/* Begin PBXFrameworksBuildPhase section */
		48B311562E260F6B00100627 /* Frameworks */ = {
			isa = PBXFrameworksBuildPhase;
			buildActionMask = 2147483647;
			files = (
			);
			runOnlyForDeploymentPostprocessing = 0;
		};
		48B311632E260F6E00100627 /* Frameworks */ = {
			isa = PBXFrameworksBuildPhase;
			buildActionMask = 2147483647;
			files = (
			);
			runOnlyForDeploymentPostprocessing = 0;
		};
		48B3116D2E260F6E00100627 /* Frameworks */ = {
			isa = PBXFrameworksBuildPhase;
			buildActionMask = 2147483647;
			files = (
			);
			runOnlyForDeploymentPostprocessing = 0;
		};
/* End PBXFrameworksBuildPhase section */

/* Begin PBXGroup section */
		48B311502E260F6B00100627 = {
			isa = PBXGroup;
			children = (
				48B3115B2E260F6B00100627 /* DogBreedFlashCard */,
				48B311732E260F6E00100627 /* DogBreedFlashCardUITests */,
				48B3115A2E260F6B00100627 /* Products */,
			);
			sourceTree = "<group>";
		};
		48B3115A2E260F6B00100627 /* Products */ = {
			isa = PBXGroup;
			children = (
				48B311592E260F6B00100627 /* DogBreedFlashCard.app */,
				48B311662E260F6E00100627 /* DogBreedFlashCardTests.xctest */,
				48B311702E260F6E00100627 /* DogBreedFlashCardUITests.xctest */,
			);
			name = Products;
			sourceTree = "<group>";
		};
/* End PBXGroup section */

/* Begin PBXNativeTarget section */
		48B311582E260F6B00100627 /* DogBreedFlashCard */ = {
			isa = PBXNativeTarget;
			buildConfigurationList = 48B3117A2E260F6E00100627 /* Build configuration list for PBXNativeTarget "DogBreedFlashCard" */;
			buildPhases = (
				48B311552E260F6B00100627 /* Sources */,
				48B311562E260F6B00100627 /* Frameworks */,
				48B311572E260F6B00100627 /* Resources */,
			);
			buildRules = (
			);
			dependencies = (
			);
			fileSystemSynchronizedGroups = (
				48B3115B2E260F6B00100627 /* DogBreedFlashCard */,
			);
			name = DogBreedFlashCard;
			packageProductDependencies = (
			);
			productName = DogBreedFlashCard;
			productReference = 48B311592E260F6B00100627 /* DogBreedFlashCard.app */;
			productType = "com.apple.product-type.application";
		};
		48B311652E260F6E00100627 /* DogBreedFlashCardTests */ = {
			isa = PBXNativeTarget;
			buildConfigurationList = 48B3117D2E260F6E00100627 /* Build configuration list for PBXNativeTarget "DogBreedFlashCardTests" */;
			buildPhases = (
				48B311622E260F6E00100627 /* Sources */,
				48B311632E260F6E00100627 /* Frameworks */,
				48B311642E260F6E00100627 /* Resources */,
			);
			buildRules = (
			);
			dependencies = (
				48B311682E260F6E00100627 /* PBXTargetDependency */,
			);
			name = DogBreedFlashCardTests;
			packageProductDependencies = (
			);
			productName = DogBreedFlashCardTests;
			productReference = 48B311662E260F6E00100627 /* DogBreedFlashCardTests.xctest */;
			productType = "com.apple.product-type.bundle.unit-test";
		};
		48B3116F2E260F6E00100627 /* DogBreedFlashCardUITests */ = {
			isa = PBXNativeTarget;
			buildConfigurationList = 48B311802E260F6E00100627 /* Build configuration list for PBXNativeTarget "DogBreedFlashCardUITests" */;
			buildPhases = (
				48B3116C2E260F6E00100627 /* Sources */,
				48B3116D2E260F6E00100627 /* Frameworks */,
				48B3116E2E260F6E00100627 /* Resources */,
			);
			buildRules = (
			);
			dependencies = (
				48B311722E260F6E00100627 /* PBXTargetDependency */,
			);
			fileSystemSynchronizedGroups = (
				48B311732E260F6E00100627 /* DogBreedFlashCardUITests */,
			);
			name = DogBreedFlashCardUITests;
			packageProductDependencies = (
			);
			productName = DogBreedFlashCardUITests;
			productReference = 48B311702E260F6E00100627 /* DogBreedFlashCardUITests.xctest */;
			productType = "com.apple.product-type.bundle.ui-testing";
		};
/* End PBXNativeTarget section */

/* Begin PBXProject section */
		48B311512E260F6B00100627 /* Project object */ = {
			isa = PBXProject;
			attributes = {
				BuildIndependentTargetsInParallel = 1;
				LastSwiftUpdateCheck = 1640;
				LastUpgradeCheck = 1640;
				TargetAttributes = {
					48B311582E260F6B00100627 = {
						CreatedOnToolsVersion = 16.4;
					};
					48B311652E260F6E00100627 = {
						CreatedOnToolsVersion = 16.4;
						TestTargetID = 48B311582E260F6B00100627;
					};
					48B3116F2E260F6E00100627 = {
						CreatedOnToolsVersion = 16.4;
						TestTargetID = 48B311582E260F6B00100627;
					};
				};
			};
			buildConfigurationList = 48B311542E260F6B00100627 /* Build configuration list for PBXProject "DogBreedFlashCard" */;
			developmentRegion = en;
			hasScannedForEncodings = 0;
			knownRegions = (
				en,
				Base,
			);
			mainGroup = 48B311502E260F6B00100627;
			minimizedProjectReferenceProxies = 1;
			preferredProjectObjectVersion = 77;
			productRefGroup = 48B3115A2E260F6B00100627 /* Products */;
			projectDirPath = "";
			projectRoot = "";
			targets = (
				48B311582E260F6B00100627 /* DogBreedFlashCard */,
				48B311652E260F6E00100627 /* DogBreedFlashCardTests */,
				48B3116F2E260F6E00100627 /* DogBreedFlashCardUITests */,
			);
		};
/* End PBXProject section */

/* Begin PBXResourcesBuildPhase section */
		48B311572E260F6B00100627 /* Resources */ = {
			isa = PBXResourcesBuildPhase;
			buildActionMask = 2147483647;
			files = (
			);
			runOnlyForDeploymentPostprocessing = 0;
		};
		48B311642E260F6E00100627 /* Resources */ = {
			isa = PBXResourcesBuildPhase;
			buildActionMask = 2147483647;
			files = (
			);
			runOnlyForDeploymentPostprocessing = 0;
		};
		48B3116E2E260F6E00100627 /* Resources */ = {
			isa = PBXResourcesBuildPhase;
			buildActionMask = 2147483647;
			files = (
			);
			runOnlyForDeploymentPostprocessing = 0;
		};
/* End PBXResourcesBuildPhase section */

/* Begin PBXSourcesBuildPhase section */
		48B311552E260F6B00100627 /* Sources */ = {
			isa = PBXSourcesBuildPhase;
			buildActionMask = 2147483647;
			files = (
			);
			runOnlyForDeploymentPostprocessing = 0;
		};
		48B311622E260F6E00100627 /* Sources */ = {
			isa = PBXSourcesBuildPhase;
			buildActionMask = 2147483647;
			files = (
			);
			runOnlyForDeploymentPostprocessing = 0;
		};
		48B3116C2E260F6E00100627 /* Sources */ = {
			isa = PBXSourcesBuildPhase;
			buildActionMask = 2147483647;
			files = (
			);
			runOnlyForDeploymentPostprocessing = 0;
		};
/* End PBXSourcesBuildPhase section */

/* Begin PBXTargetDependency section */
		48B311682E260F6E00100627 /* PBXTargetDependency */ = {
			isa = PBXTargetDependency;
			target = 48B311582E260F6B00100627 /* DogBreedFlashCard */;
			targetProxy = 48B311672E260F6E00100627 /* PBXContainerItemProxy */;
		};
		48B311722E260F6E00100627 /* PBXTargetDependency */ = {
			isa = PBXTargetDependency;
			target = 48B311582E260F6B00100627 /* DogBreedFlashCard */;
			targetProxy = 48B311712E260F6E00100627 /* PBXContainerItemProxy */;
		};
/* End PBXTargetDependency section */

/* Begin XCBuildConfiguration section */
		48B311782E260F6E00100627 /* Debug */ = {
			isa = XCBuildConfiguration;
			buildSettings = {
				ALWAYS_SEARCH_USER_PATHS = NO;
				ASSETCATALOG_COMPILER_GENERATE_SWIFT_ASSET_SYMBOL_EXTENSIONS = YES;
				CLANG_ANALYZER_NONNULL = YES;
				CLANG_ANALYZER_NUMBER_OBJECT_CONVERSION = YES_AGGRESSIVE;
				CLANG_CXX_LANGUAGE_STANDARD = "gnu++20";
				CLANG_ENABLE_MODULES = YES;
				CLANG_ENABLE_OBJC_ARC = YES;
				CLANG_ENABLE_OBJC_WEAK = YES;
				CLANG_WARN_BLOCK_CAPTURE_AUTORELEASING = YES;
				CLANG_WARN_BOOL_CONVERSION = YES;
				CLANG_WARN_COMMA = YES;
				CLANG_WARN_CONSTANT_CONVERSION = YES;
				CLANG_WARN_DEPRECATED_OBJC_IMPLEMENTATIONS = YES;
				CLANG_WARN_DIRECT_OBJC_ISA_USAGE = YES_ERROR;
				CLANG_WARN_DOCUMENTATION_COMMENTS = YES;
				CLANG_WARN_EMPTY_BODY = YES;
				CLANG_WARN_ENUM_CONVERSION = YES;
				CLANG_WARN_INFINITE_RECURSION = YES;
				CLANG_WARN_INT_CONVERSION = YES;
				CLANG_WARN_NON_LITERAL_NULL_CONVERSION = YES;
				CLANG_WARN_OBJC_IMPLICIT_RETAIN_SELF = YES;
				CLANG_WARN_OBJC_LITERAL_CONVERSION = YES;
				CLANG_WARN_OBJC_ROOT_CLASS = YES_ERROR;
				CLANG_WARN_QUOTED_INCLUDE_IN_FRAMEWORK_HEADER = YES;
				CLANG_WARN_RANGE_LOOP_ANALYSIS = YES;
				CLANG_WARN_STRICT_PROTOTYPES = YES;
				CLANG_WARN_SUSPICIOUS_MOVE = YES;
				CLANG_WARN_UNGUARDED_AVAILABILITY = YES_AGGRESSIVE;
				CLANG_WARN_UNREACHABLE_CODE = YES;
				CLANG_WARN__DUPLICATE_METHOD_MATCH = YES;
				COPY_PHASE_STRIP = NO;
				DEBUG_INFORMATION_FORMAT = dwarf;
				ENABLE_STRICT_OBJC_MSGSEND = YES;
				ENABLE_TESTABILITY = YES;
				ENABLE_USER_SCRIPT_SANDBOXING = YES;
				GCC_C_LANGUAGE_STANDARD = gnu17;
				GCC_DYNAMIC_NO_PIC = NO;
				GCC_NO_COMMON_BLOCKS = YES;
				GCC_OPTIMIZATION_LEVEL = 0;
				GCC_PREPROCESSOR_DEFINITIONS = (
					"DEBUG=1",
					"$(inherited)",
				);
				GCC_WARN_64_TO_32_BIT_CONVERSION = YES;
				GCC_WARN_ABOUT_RETURN_TYPE = YES_ERROR;
				GCC_WARN_UNDECLARED_SELECTOR = YES;
				GCC_WARN_UNINITIALIZED_AUTOS = YES_AGGRESSIVE;
				GCC_WARN_UNUSED_FUNCTION = YES;
				GCC_WARN_UNUSED_VARIABLE = YES;
				IPHONEOS_DEPLOYMENT_TARGET = 18.5;
				LOCALIZATION_PREFERS_STRING_CATALOGS = YES;
				MTL_ENABLE_DEBUG_INFO = INCLUDE_SOURCE;
				MTL_FAST_MATH = YES;
				ONLY_ACTIVE_ARCH = YES;
				SDKROOT = iphoneos;
				SWIFT_ACTIVE_COMPILATION_CONDITIONS = "DEBUG $(inherited)";
				SWIFT_OPTIMIZATION_LEVEL = "-Onone";
			};
			name = Debug;
		};
		48B311792E260F6E00100627 /* Release */ = {
			isa = XCBuildConfiguration;
			buildSettings = {
				ALWAYS_SEARCH_USER_PATHS = NO;
				ASSETCATALOG_COMPILER_GENERATE_SWIFT_ASSET_SYMBOL_EXTENSIONS = YES;
				CLANG_ANALYZER_NONNULL = YES;
				CLANG_ANALYZER_NUMBER_OBJECT_CONVERSION = YES_AGGRESSIVE;
				CLANG_CXX_LANGUAGE_STANDARD = "gnu++20";
				CLANG_ENABLE_MODULES = YES;
				CLANG_ENABLE_OBJC_ARC = YES;
				CLANG_ENABLE_OBJC_WEAK = YES;
				CLANG_WARN_BLOCK_CAPTURE_AUTORELEASING = YES;
				CLANG_WARN_BOOL_CONVERSION = YES;
				CLANG_WARN_COMMA = YES;
				CLANG_WARN_CONSTANT_CONVERSION = YES;
				CLANG_WARN_DEPRECATED_OBJC_IMPLEMENTATIONS = YES;
				CLANG_WARN_DIRECT_OBJC_ISA_USAGE = YES_ERROR;
				CLANG_WARN_DOCUMENTATION_COMMENTS = YES;
				CLANG_WARN_EMPTY_BODY = YES;
				CLANG_WARN_ENUM_CONVERSION = YES;
				CLANG_WARN_INFINITE_RECURSION = YES;
				CLANG_WARN_INT_CONVERSION = YES;
				CLANG_WARN_NON_LITERAL_NULL_CONVERSION = YES;
				CLANG_WARN_OBJC_IMPLICIT_RETAIN_SELF = YES;
				CLANG_WARN_OBJC_LITERAL_CONVERSION = YES;
				CLANG_WARN_OBJC_ROOT_CLASS = YES_ERROR;
				CLANG_WARN_QUOTED_INCLUDE_IN_FRAMEWORK_HEADER = YES;
				CLANG_WARN_RANGE_LOOP_ANALYSIS = YES;
				CLANG_WARN_STRICT_PROTOTYPES = YES;
				CLANG_WARN_SUSPICIOUS_MOVE = YES;
				CLANG_WARN_UNGUARDED_AVAILABILITY = YES_AGGRESSIVE;
				CLANG_WARN_UNREACHABLE_CODE = YES;
				CLANG_WARN__DUPLICATE_METHOD_MATCH = YES;
				COPY_PHASE_STRIP = NO;
				DEBUG_INFORMATION_FORMAT = "dwarf-with-dsym";
				ENABLE_NS_ASSERTIONS = NO;
				ENABLE_STRICT_OBJC_MSGSEND = YES;
				ENABLE_USER_SCRIPT_SANDBOXING = YES;
				GCC_C_LANGUAGE_STANDARD = gnu17;
				GCC_NO_COMMON_BLOCKS = YES;
				GCC_WARN_64_TO_32_BIT_CONVERSION = YES;
				GCC_WARN_ABOUT_RETURN_TYPE = YES_ERROR;
				GCC_WARN_UNDECLARED_SELECTOR = YES;
				GCC_WARN_UNINITIALIZED_AUTOS = YES_AGGRESSIVE;
				GCC_WARN_UNUSED_FUNCTION = YES;
				GCC_WARN_UNUSED_VARIABLE = YES;
				IPHONEOS_DEPLOYMENT_TARGET = 18.5;
				LOCALIZATION_PREFERS_STRING_CATALOGS = YES;
				MTL_ENABLE_DEBUG_INFO = NO;
				MTL_FAST_MATH = YES;
				SDKROOT = iphoneos;
				SWIFT_COMPILATION_MODE = wholemodule;
				VALIDATE_PRODUCT = YES;
			};
			name = Release;
		};
		48B3117B2E260F6E00100627 /* Debug */ = {
			isa = XCBuildConfiguration;
			buildSettings = {
				ASSETCATALOG_COMPILER_APPICON_NAME = AppIcon;
				ASSETCATALOG_COMPILER_GLOBAL_ACCENT_COLOR_NAME = AccentColor;
				CODE_SIGN_STYLE = Automatic;
				CURRENT_PROJECT_VERSION = 1;
				ENABLE_PREVIEWS = YES;
				GENERATE_INFOPLIST_FILE = YES;
				INFOPLIST_KEY_UIApplicationSceneManifest_Generation = YES;
				INFOPLIST_KEY_UIApplicationSupportsIndirectInputEvents = YES;
				INFOPLIST_KEY_UILaunchScreen_Generation = YES;
				INFOPLIST_KEY_UISupportedInterfaceOrientations_iPad = "UIInterfaceOrientationPortrait UIInterfaceOrientationPortraitUpsideDown UIInterfaceOrientationLandscapeLeft UIInterfaceOrientationLandscapeRight";
				INFOPLIST_KEY_UISupportedInterfaceOrientations_iPhone = "UIInterfaceOrientationPortrait UIInterfaceOrientationLandscapeLeft UIInterfaceOrientationLandscapeRight";
				LD_RUNPATH_SEARCH_PATHS = (
					"$(inherited)",
					"@executable_path/Frameworks",
				);
				MARKETING_VERSION = 1.0;
				PRODUCT_BUNDLE_IDENTIFIER = ceo.dog.DogBreedFlashCard;
				PRODUCT_NAME = "$(TARGET_NAME)";
				SWIFT_EMIT_LOC_STRINGS = YES;
				SWIFT_VERSION = 5.0;
				TARGETED_DEVICE_FAMILY = "1,2";
			};
			name = Debug;
		};
		48B3117C2E260F6E00100627 /* Release */ = {
			isa = XCBuildConfiguration;
			buildSettings = {
				ASSETCATALOG_COMPILER_APPICON_NAME = AppIcon;
				ASSETCATALOG_COMPILER_GLOBAL_ACCENT_COLOR_NAME = AccentColor;
				CODE_SIGN_STYLE = Automatic;
				CURRENT_PROJECT_VERSION = 1;
				ENABLE_PREVIEWS = YES;
				GENERATE_INFOPLIST_FILE = YES;
				INFOPLIST_KEY_UIApplicationSceneManifest_Generation = YES;
				INFOPLIST_KEY_UIApplicationSupportsIndirectInputEvents = YES;
				INFOPLIST_KEY_UILaunchScreen_Generation = YES;
				INFOPLIST_KEY_UISupportedInterfaceOrientations_iPad = "UIInterfaceOrientationPortrait UIInterfaceOrientationPortraitUpsideDown UIInterfaceOrientationLandscapeLeft UIInterfaceOrientationLandscapeRight";
				INFOPLIST_KEY_UISupportedInterfaceOrientations_iPhone = "UIInterfaceOrientationPortrait UIInterfaceOrientationLandscapeLeft UIInterfaceOrientationLandscapeRight";
				LD_RUNPATH_SEARCH_PATHS = (
					"$(inherited)",
					"@executable_path/Frameworks",
				);
				MARKETING_VERSION = 1.0;
				PRODUCT_BUNDLE_IDENTIFIER = ceo.dog.DogBreedFlashCard;
				PRODUCT_NAME = "$(TARGET_NAME)";
				SWIFT_EMIT_LOC_STRINGS = YES;
				SWIFT_VERSION = 5.0;
				TARGETED_DEVICE_FAMILY = "1,2";
			};
			name = Release;
		};
		48B3117E2E260F6E00100627 /* Debug */ = {
			isa = XCBuildConfiguration;
			buildSettings = {
				BUNDLE_LOADER = "$(TEST_HOST)";
				CODE_SIGN_STYLE = Automatic;
				CURRENT_PROJECT_VERSION = 1;
				GENERATE_INFOPLIST_FILE = YES;
				IPHONEOS_DEPLOYMENT_TARGET = 18.5;
				MARKETING_VERSION = 1.0;
				PRODUCT_BUNDLE_IDENTIFIER = ceo.dog.DogBreedFlashCardTests;
				PRODUCT_NAME = "$(TARGET_NAME)";
				SWIFT_EMIT_LOC_STRINGS = NO;
				SWIFT_VERSION = 5.0;
				TARGETED_DEVICE_FAMILY = "1,2";
				TEST_HOST = "$(BUILT_PRODUCTS_DIR)/DogBreedFlashCard.app/$(BUNDLE_EXECUTABLE_FOLDER_PATH)/DogBreedFlashCard";
			};
			name = Debug;
		};
		48B3117F2E260F6E00100627 /* Release */ = {
			isa = XCBuildConfiguration;
			buildSettings = {
				BUNDLE_LOADER = "$(TEST_HOST)";
				CODE_SIGN_STYLE = Automatic;
				CURRENT_PROJECT_VERSION = 1;
				GENERATE_INFOPLIST_FILE = YES;
				IPHONEOS_DEPLOYMENT_TARGET = 18.5;
				MARKETING_VERSION = 1.0;
				PRODUCT_BUNDLE_IDENTIFIER = ceo.dog.DogBreedFlashCardTests;
				PRODUCT_NAME = "$(TARGET_NAME)";
				SWIFT_EMIT_LOC_STRINGS = NO;
				SWIFT_VERSION = 5.0;
				TARGETED_DEVICE_FAMILY = "1,2";
				TEST_HOST = "$(BUILT_PRODUCTS_DIR)/DogBreedFlashCard.app/$(BUNDLE_EXECUTABLE_FOLDER_PATH)/DogBreedFlashCard";
			};
			name = Release;
		};
		48B311812E260F6E00100627 /* Debug */ = {
			isa = XCBuildConfiguration;
			buildSettings = {
				CODE_SIGN_STYLE = Automatic;
				CURRENT_PROJECT_VERSION = 1;
				GENERATE_INFOPLIST_FILE = YES;
				MARKETING_VERSION = 1.0;
				PRODUCT_BUNDLE_IDENTIFIER = ceo.dog.DogBreedFlashCardUITests;
				PRODUCT_NAME = "$(TARGET_NAME)";
				SWIFT_EMIT_LOC_STRINGS = NO;
				SWIFT_VERSION = 5.0;
				TARGETED_DEVICE_FAMILY = "1,2";
				TEST_TARGET_NAME = DogBreedFlashCard;
			};
			name = Debug;
		};
		48B311822E260F6E00100627 /* Release */ = {
			isa = XCBuildConfiguration;
			buildSettings = {
				CODE_SIGN_STYLE = Automatic;
				CURRENT_PROJECT_VERSION = 1;
				GENERATE_INFOPLIST_FILE = YES;
				MARKETING_VERSION = 1.0;
				PRODUCT_BUNDLE_IDENTIFIER = ceo.dog.DogBreedFlashCardUITests;
				PRODUCT_NAME = "$(TARGET_NAME)";
				SWIFT_EMIT_LOC_STRINGS = NO;
				SWIFT_VERSION = 5.0;
				TARGETED_DEVICE_FAMILY = "1,2";
				TEST_TARGET_NAME = DogBreedFlashCard;
			};
			name = Release;
		};
/* End XCBuildConfiguration section */

/* Begin XCConfigurationList section */
		48B311542E260F6B00100627 /* Build configuration list for PBXProject "DogBreedFlashCard" */ = {
			isa = XCConfigurationList;
			buildConfigurations = (
				48B311782E260F6E00100627 /* Debug */,
				48B311792E260F6E00100627 /* Release */,
			);
			defaultConfigurationIsVisible = 0;
			defaultConfigurationName = Release;
		};
		48B3117A2E260F6E00100627 /* Build configuration list for PBXNativeTarget "DogBreedFlashCard" */ = {
			isa = XCConfigurationList;
			buildConfigurations = (
				48B3117B2E260F6E00100627 /* Debug */,
				48B3117C2E260F6E00100627 /* Release */,
			);
			defaultConfigurationIsVisible = 0;
			defaultConfigurationName = Release;
		};
		48B3117D2E260F6E00100627 /* Build configuration list for PBXNativeTarget "DogBreedFlashCardTests" */ = {
			isa = XCConfigurationList;
			buildConfigurations = (
				48B3117E2E260F6E00100627 /* Debug */,
				48B3117F2E260F6E00100627 /* Release */,
			);
			defaultConfigurationIsVisible = 0;
			defaultConfigurationName = Release;
		};
		48B311802E260F6E00100627 /* Build configuration list for PBXNativeTarget "DogBreedFlashCardUITests" */ = {
			isa = XCConfigurationList;
			buildConfigurations = (
				48B311812E260F6E00100627 /* Debug */,
				48B311822E260F6E00100627 /* Release */,
			);
			defaultConfigurationIsVisible = 0;
			defaultConfigurationName = Release;
		};
/* End XCConfigurationList section */
	};
	rootObject = 48B311512E260F6B00100627 /* Project object */;
}
